{
  "name": "maybe-type",
  "version": "1.0.0",
  "lockfileVersion": 1,
  "requires": true,
  "dependencies": {
    "crocks": {
      "version": "0.9.4",
      "resolved": "https://registry.npmjs.org/crocks/-/crocks-0.9.4.tgz",
      "integrity": "sha512-iREmN0zHcPibmgP13F/z+PgR7R5Sam4Uf57jsp9Erdvj8dI7EMUHb1bj7mugnX0sGVA6ukAxw2bTuJ+xTad7Vw=="
    },
    "ramda": {
      "version": "0.25.0",
      "resolved": "https://registry.npmjs.org/ramda/-/ramda-0.25.0.tgz",
      "integrity": "sha512-GXpfrYVPwx3K7RQ6aYT8KPS8XViSXUVJT1ONhoKPE9VAleW42YE+U+8VEyGWt41EnEQW7gwecYJriTI0pKoecQ=="
    }
  }
}
